
Microsoft Visual Studio Solution File, Format Version 12.00
# Visual Studio Version 16
VisualStudioVersion = 16.0.30011.22
MinimumVisualStudioVersion = 10.0.40219.1
Project("{FAE04EC0-301F-11D3-BF4B-00C04F79EFBC}") = "BUMA.WebApi", "BUMA.WebApi\BUMA.WebApi.csproj", "{5AF519FF-9383-4188-9EFC-4528A7067FF7}"
EndProject
Global
	GlobalSection(SolutionConfigurationPlatforms) = preSolution
		Debug|Any CPU = Debug|Any CPU
		Release|Any CPU = Release|Any CPU
	EndGlobalSection
	GlobalSection(ProjectConfigurationPlatforms) = postSolution
		{5AF519FF-9383-4188-9EFC-4528A7067FF7}.Debug|Any CPU.ActiveCfg = Debug|Any CPU
		{5AF519FF-9383-4188-9EFC-4528A7067FF7}.Debug|Any CPU.Build.0 = Debug|Any CPU
		{5AF519FF-9383-4188-9EFC-4528A7067FF7}.Release|Any CPU.ActiveCfg = Release|Any CPU
		{5AF519FF-9383-4188-9EFC-4528A7067FF7}.Release|Any CPU.Build.0 = Release|Any CPU
	EndGlobalSection
	GlobalSection(SolutionProperties) = preSolution
		HideSolutionNode = FALSE
	EndGlobalSection
	GlobalSection(ExtensibilityGlobals) = postSolution
		SolutionGuid = {957531E4-9F8C-47BD-88CE-529C8C299B32}
	EndGlobalSection
EndGlobal
